
Microsoft Visual Studio Solution File, Format Version 12.00
# Visual Studio Version 16
VisualStudioVersion = 16.0.31025.194
MinimumVisualStudioVersion = 10.0.40219.1
Project("{FAE04EC0-301F-11D3-BF4B-00C04F79EFBC}") = "AgentieTurism", "AgentieTurism\AgentieTurism.csproj", "{C92CD4C3-4D7B-4C97-9729-C3F3C04C474D}"
EndProject
Project("{FAE04EC0-301F-11D3-BF4B-00C04F79EFBC}") = "ConnectionUtils", "ConnectionUtils\ConnectionUtils.csproj", "{4FFE1528-F372-40B3-AC3A-DFC17F161DD7}"
EndProject
Project("{FAE04EC0-301F-11D3-BF4B-00C04F79EFBC}") = "model", "model\model.csproj", "{CC99ADE5-3C51-4081-AD04-61FF6C7A6307}"
EndProject
Project("{FAE04EC0-301F-11D3-BF4B-00C04F79EFBC}") = "persistence", "persistence\persistence.csproj", "{5AF7EA6C-D8EA-44E2-8693-E0A2CE2438F8}"
EndProject
Project("{FAE04EC0-301F-11D3-BF4B-00C04F79EFBC}") = "services", "services\services.csproj", "{5713D283-9D89-4363-A68B-AD06FC9015C6}"
EndProject
Project("{FAE04EC0-301F-11D3-BF4B-00C04F79EFBC}") = "Server", "Server\Server.csproj", "{780DFB28-A421-4C91-A47A-D73A01A5C568}"
EndProject
Project("{FAE04EC0-301F-11D3-BF4B-00C04F79EFBC}") = "client", "client\client.csproj", "{9FCA29CB-9402-497F-B845-CB8EDA57236A}"
EndProject
Project("{FAE04EC0-301F-11D3-BF4B-00C04F79EFBC}") = "networking", "networking\networking.csproj", "{84051166-AA21-436A-AC35-9A42C9B8015A}"
EndProject
Global
	GlobalSection(SolutionConfigurationPlatforms) = preSolution
		Debug|Any CPU = Debug|Any CPU
		Release|Any CPU = Release|Any CPU
	EndGlobalSection
	GlobalSection(ProjectConfigurationPlatforms) = postSolution
		{C92CD4C3-4D7B-4C97-9729-C3F3C04C474D}.Debug|Any CPU.ActiveCfg = Debug|Any CPU
		{C92CD4C3-4D7B-4C97-9729-C3F3C04C474D}.Debug|Any CPU.Build.0 = Debug|Any CPU
		{C92CD4C3-4D7B-4C97-9729-C3F3C04C474D}.Release|Any CPU.ActiveCfg = Release|Any CPU
		{C92CD4C3-4D7B-4C97-9729-C3F3C04C474D}.Release|Any CPU.Build.0 = Release|Any CPU
		{4FFE1528-F372-40B3-AC3A-DFC17F161DD7}.Debug|Any CPU.ActiveCfg = Debug|Any CPU
		{4FFE1528-F372-40B3-AC3A-DFC17F161DD7}.Debug|Any CPU.Build.0 = Debug|Any CPU
		{4FFE1528-F372-40B3-AC3A-DFC17F161DD7}.Release|Any CPU.ActiveCfg = Release|Any CPU
		{4FFE1528-F372-40B3-AC3A-DFC17F161DD7}.Release|Any CPU.Build.0 = Release|Any CPU
		{CC99ADE5-3C51-4081-AD04-61FF6C7A6307}.Debug|Any CPU.ActiveCfg = Debug|Any CPU
		{CC99ADE5-3C51-4081-AD04-61FF6C7A6307}.Debug|Any CPU.Build.0 = Debug|Any CPU
		{CC99ADE5-3C51-4081-AD04-61FF6C7A6307}.Release|Any CPU.ActiveCfg = Release|Any CPU
		{CC99ADE5-3C51-4081-AD04-61FF6C7A6307}.Release|Any CPU.Build.0 = Release|Any CPU
		{5AF7EA6C-D8EA-44E2-8693-E0A2CE2438F8}.Debug|Any CPU.ActiveCfg = Debug|Any CPU
		{5AF7EA6C-D8EA-44E2-8693-E0A2CE2438F8}.Debug|Any CPU.Build.0 = Debug|Any CPU
		{5AF7EA6C-D8EA-44E2-8693-E0A2CE2438F8}.Release|Any CPU.ActiveCfg = Release|Any CPU
		{5AF7EA6C-D8EA-44E2-8693-E0A2CE2438F8}.Release|Any CPU.Build.0 = Release|Any CPU
		{5713D283-9D89-4363-A68B-AD06FC9015C6}.Debug|Any CPU.ActiveCfg = Debug|Any CPU
		{5713D283-9D89-4363-A68B-AD06FC9015C6}.Debug|Any CPU.Build.0 = Debug|Any CPU
		{5713D283-9D89-4363-A68B-AD06FC9015C6}.Release|Any CPU.ActiveCfg = Release|Any CPU
		{5713D283-9D89-4363-A68B-AD06FC9015C6}.Release|Any CPU.Build.0 = Release|Any CPU
		{780DFB28-A421-4C91-A47A-D73A01A5C568}.Debug|Any CPU.ActiveCfg = Debug|Any CPU
		{780DFB28-A421-4C91-A47A-D73A01A5C568}.Debug|Any CPU.Build.0 = Debug|Any CPU
		{780DFB28-A421-4C91-A47A-D73A01A5C568}.Release|Any CPU.ActiveCfg = Release|Any CPU
		{780DFB28-A421-4C91-A47A-D73A01A5C568}.Release|Any CPU.Build.0 = Release|Any CPU
		{9FCA29CB-9402-497F-B845-CB8EDA57236A}.Debug|Any CPU.ActiveCfg = Debug|Any CPU
		{9FCA29CB-9402-497F-B845-CB8EDA57236A}.Debug|Any CPU.Build.0 = Debug|Any CPU
		{9FCA29CB-9402-497F-B845-CB8EDA57236A}.Release|Any CPU.ActiveCfg = Release|Any CPU
		{9FCA29CB-9402-497F-B845-CB8EDA57236A}.Release|Any CPU.Build.0 = Release|Any CPU
		{84051166-AA21-436A-AC35-9A42C9B8015A}.Debug|Any CPU.ActiveCfg = Debug|Any CPU
		{84051166-AA21-436A-AC35-9A42C9B8015A}.Debug|Any CPU.Build.0 = Debug|Any CPU
		{84051166-AA21-436A-AC35-9A42C9B8015A}.Release|Any CPU.ActiveCfg = Release|Any CPU
		{84051166-AA21-436A-AC35-9A42C9B8015A}.Release|Any CPU.Build.0 = Release|Any CPU
	EndGlobalSection
	GlobalSection(SolutionProperties) = preSolution
		HideSolutionNode = FALSE
	EndGlobalSection
	GlobalSection(ExtensibilityGlobals) = postSolution
		SolutionGuid = {4EE14B90-A0FE-4293-9496-C3337006E2DD}
	EndGlobalSection
EndGlobal
